
Microsoft Visual Studio Solution File, Format Version 12.00
# Visual Studio Version 16
VisualStudioVersion = 16.0.30320.27
MinimumVisualStudioVersion = 10.0.40219.1
Project("{FAE04EC0-301F-11D3-BF4B-00C04F79EFBC}") = "input_validation_demo", "input_validation_demo.csproj", "{742255EC-15E6-4904-AE69-D56526D137FB}"
EndProject
Global
	GlobalSection(SolutionConfigurationPlatforms) = preSolution
		Debug|Any CPU = Debug|Any CPU
		Release|Any CPU = Release|Any CPU
	EndGlobalSection
	GlobalSection(ProjectConfigurationPlatforms) = postSolution
		{742255EC-15E6-4904-AE69-D56526D137FB}.Debug|Any CPU.ActiveCfg = Debug|Any CPU
		{742255EC-15E6-4904-AE69-D56526D137FB}.Debug|Any CPU.Build.0 = Debug|Any CPU
		{742255EC-15E6-4904-AE69-D56526D137FB}.Release|Any CPU.ActiveCfg = Release|Any CPU
		{742255EC-15E6-4904-AE69-D56526D137FB}.Release|Any CPU.Build.0 = Release|Any CPU
	EndGlobalSection
	GlobalSection(SolutionProperties) = preSolution
		HideSolutionNode = FALSE
	EndGlobalSection
	GlobalSection(ExtensibilityGlobals) = postSolution
		SolutionGuid = {186F3A64-EFAB-47CF-8A11-371C7D01603D}
	EndGlobalSection
EndGlobal
