
Microsoft Visual Studio Solution File, Format Version 12.00
# Visual Studio Version 16
VisualStudioVersion = 16.0.30320.27
MinimumVisualStudioVersion = 10.0.40219.1
Project("{FAE04EC0-301F-11D3-BF4B-00C04F79EFBC}") = "String", "String\String.csproj", "{DE87A5A1-E95A-4318-BFE4-BF59F3AB0508}"
EndProject
Global
	GlobalSection(SolutionConfigurationPlatforms) = preSolution
		Debug|Any CPU = Debug|Any CPU
		Release|Any CPU = Release|Any CPU
	EndGlobalSection
	GlobalSection(ProjectConfigurationPlatforms) = postSolution
		{DE87A5A1-E95A-4318-BFE4-BF59F3AB0508}.Debug|Any CPU.ActiveCfg = Debug|Any CPU
		{DE87A5A1-E95A-4318-BFE4-BF59F3AB0508}.Debug|Any CPU.Build.0 = Debug|Any CPU
		{DE87A5A1-E95A-4318-BFE4-BF59F3AB0508}.Release|Any CPU.ActiveCfg = Release|Any CPU
		{DE87A5A1-E95A-4318-BFE4-BF59F3AB0508}.Release|Any CPU.Build.0 = Release|Any CPU
	EndGlobalSection
	GlobalSection(SolutionProperties) = preSolution
		HideSolutionNode = FALSE
	EndGlobalSection
	GlobalSection(ExtensibilityGlobals) = postSolution
		SolutionGuid = {36AD7F6A-11CD-45D9-857C-C1A5CE8A7E33}
	EndGlobalSection
EndGlobal
