
Microsoft Visual Studio Solution File, Format Version 12.00
# Visual Studio Version 16
VisualStudioVersion = 16.0.30320.27
MinimumVisualStudioVersion = 10.0.40219.1
Project("{FAE04EC0-301F-11D3-BF4B-00C04F79EFBC}") = "methods_demo", "methods_demo.csproj", "{A35C9067-2188-40AC-A88B-B9008D5C0FBD}"
EndProject
Global
	GlobalSection(SolutionConfigurationPlatforms) = preSolution
		Debug|Any CPU = Debug|Any CPU
		Release|Any CPU = Release|Any CPU
	EndGlobalSection
	GlobalSection(ProjectConfigurationPlatforms) = postSolution
		{A35C9067-2188-40AC-A88B-B9008D5C0FBD}.Debug|Any CPU.ActiveCfg = Debug|Any CPU
		{A35C9067-2188-40AC-A88B-B9008D5C0FBD}.Debug|Any CPU.Build.0 = Debug|Any CPU
		{A35C9067-2188-40AC-A88B-B9008D5C0FBD}.Release|Any CPU.ActiveCfg = Release|Any CPU
		{A35C9067-2188-40AC-A88B-B9008D5C0FBD}.Release|Any CPU.Build.0 = Release|Any CPU
	EndGlobalSection
	GlobalSection(SolutionProperties) = preSolution
		HideSolutionNode = FALSE
	EndGlobalSection
	GlobalSection(ExtensibilityGlobals) = postSolution
		SolutionGuid = {CCC7F68A-6AA5-42B3-9419-4CB8D6CB8F0D}
	EndGlobalSection
EndGlobal
